
Microsoft Visual Studio Solution File, Format Version 12.00
# Visual Studio Version 17
VisualStudioVersion = 17.9.34723.18
MinimumVisualStudioVersion = 10.0.40219.1
Project("{FAE04EC0-301F-11D3-BF4B-00C04F79EFBC}") = "BKC Injector", "BKC Injector\BKC Injector.csproj", "{A310AA49-83B0-431E-B6A5-8490DA74F65A}"
EndProject
Global
	GlobalSection(SolutionConfigurationPlatforms) = preSolution
		Debug|Any CPU = Debug|Any CPU
		Release|Any CPU = Release|Any CPU
	EndGlobalSection
	GlobalSection(ProjectConfigurationPlatforms) = postSolution
		{A310AA49-83B0-431E-B6A5-8490DA74F65A}.Debug|Any CPU.ActiveCfg = Debug|Any CPU
		{A310AA49-83B0-431E-B6A5-8490DA74F65A}.Debug|Any CPU.Build.0 = Debug|Any CPU
		{A310AA49-83B0-431E-B6A5-8490DA74F65A}.Release|Any CPU.ActiveCfg = Release|Any CPU
		{A310AA49-83B0-431E-B6A5-8490DA74F65A}.Release|Any CPU.Build.0 = Release|Any CPU
	EndGlobalSection
	GlobalSection(SolutionProperties) = preSolution
		HideSolutionNode = FALSE
	EndGlobalSection
	GlobalSection(ExtensibilityGlobals) = postSolution
		SolutionGuid = {1F5292A1-1F94-4CC3-B7C8-77D7659F482D}
	EndGlobalSection
EndGlobal
