
Microsoft Visual Studio Solution File, Format Version 12.00
# Visual Studio Version 17
VisualStudioVersion = 17.9.34723.18
MinimumVisualStudioVersion = 10.0.40219.1
Project("{9A19103F-16F7-4668-BE54-9A1E7A4F7556}") = "PG3DInjector", "PG3DInjector\PG3DInjector.csproj", "{0680622E-A7A8-49F1-8E62-5D697AF81054}"
EndProject
Global
	GlobalSection(SolutionConfigurationPlatforms) = preSolution
		Debug|Any CPU = Debug|Any CPU
		Debug|x64 = Debug|x64
		Release|Any CPU = Release|Any CPU
		Release|x64 = Release|x64
	EndGlobalSection
	GlobalSection(ProjectConfigurationPlatforms) = postSolution
		{0680622E-A7A8-49F1-8E62-5D697AF81054}.Debug|Any CPU.ActiveCfg = Debug|Any CPU
		{0680622E-A7A8-49F1-8E62-5D697AF81054}.Debug|Any CPU.Build.0 = Debug|Any CPU
		{0680622E-A7A8-49F1-8E62-5D697AF81054}.Debug|x64.ActiveCfg = Debug|Any CPU
		{0680622E-A7A8-49F1-8E62-5D697AF81054}.Debug|x64.Build.0 = Debug|Any CPU
		{0680622E-A7A8-49F1-8E62-5D697AF81054}.Release|Any CPU.ActiveCfg = Release|Any CPU
		{0680622E-A7A8-49F1-8E62-5D697AF81054}.Release|Any CPU.Build.0 = Release|Any CPU
		{0680622E-A7A8-49F1-8E62-5D697AF81054}.Release|x64.ActiveCfg = Release|Any CPU
		{0680622E-A7A8-49F1-8E62-5D697AF81054}.Release|x64.Build.0 = Release|Any CPU
	EndGlobalSection
	GlobalSection(SolutionProperties) = preSolution
		HideSolutionNode = FALSE
	EndGlobalSection
	GlobalSection(ExtensibilityGlobals) = postSolution
		SolutionGuid = {7225A147-ED9F-4152-9A4F-CFD167129C7B}
	EndGlobalSection
EndGlobal
